
Microsoft Visual Studio Solution File, Format Version 12.00
# Visual Studio Version 18
VisualStudioVersion = 18.6.11828.311 oobstable
MinimumVisualStudioVersion = 10.0.40219.1

Project("{FAE04EC0-301F-11D3-BF4B-00C04F79EFBC}") = "Cms.DataAdapters", "Cms.DataAdapters\Cms.DataAdapters.csproj", "{90AE91A7-4AB0-94AD-566F-6DE5EE0D45AC}"
EndProject
Project("{FAE04EC0-301F-11D3-BF4B-00C04F79EFBC}") = "Shared", "Shared\Shared.csproj", "{22F72E50-B86A-48A6-4252-6FDC98C636E8}"
EndProject

Project("{FAE04EC0-301F-11D3-BF4B-00C04F79EFBC}") = "Interfaces", "CmsCore\Interfaces.csproj", "{81B4A363-8BBA-4378-A17E-8F63B4223FCC}"
EndProject
Project("{2150E333-8FDC-42A3-9474-1A3956D46DE8}") = "Client", "Client", "{02EA681E-C7D8-13C7-8484-4AC65E1B71E8}"
EndProject
Project("{2150E333-8FDC-42A3-9474-1A3956D46DE8}") = "Server", "Server", "{0721B430-4D59-4D7E-A4F7-9398548B5F36}"
EndProject
Project("{2150E333-8FDC-42A3-9474-1A3956D46DE8}") = "Core", "Core", "{1821F153-E649-4423-80D0-B4A735C5FAA1}"
EndProject
Project("{2150E333-8FDC-42A3-9474-1A3956D46DE8}") = "Infrastructure", "Infrastructure", "{B8E21214-AA99-48E8-A37A-AE6CB361F2EB}"
EndProject
Project("{2150E333-8FDC-42A3-9474-1A3956D46DE8}") = "Service", "Service", "{809C86F6-1EE6-4E0B-B8BE-19559326CC65}"
EndProject
Project("{FAE04EC0-301F-11D3-BF4B-00C04F79EFBC}") = "Service", "SyncService\Service.csproj", "{49683A63-65F2-4624-9366-76BBAC2A11CE}"
EndProject
Project("{FAE04EC0-301F-11D3-BF4B-00C04F79EFBC}") = "DbContexts", "DbContext\DbContexts.csproj", "{7F9849E7-8305-46BB-B606-B8366897742A}"
EndProject
Project("{FAE04EC0-301F-11D3-BF4B-00C04F79EFBC}") = "CmsModels", "Models\CmsModels.csproj", "{41C1DDE6-DCA2-4F40-844A-293478D8FC62}"
EndProject
Project("{FAE04EC0-301F-11D3-BF4B-00C04F79EFBC}") = "CmsTests", "CmsTests\CmsTests.csproj", "{6DF960E5-493E-4D2B-A284-CAE9BD3F6DC2}"
EndProject
Project("{FAE04EC0-301F-11D3-BF4B-00C04F79EFBC}") = "Logging", "Logging\Logging.csproj", "{50CBA856-C89B-4076-BE87-ADCA101FEC1E}"
EndProject
Project("{FAE04EC0-301F-11D3-BF4B-00C04F79EFBC}") = "CmsMvc", "CmsMvc\CmsMvc.csproj", "{8D585031-7765-4C46-A6F4-2ECCA69F05CA}"
EndProject
Global
	GlobalSection(SolutionConfigurationPlatforms) = preSolution
		Debug|Any CPU = Debug|Any CPU
		Release|Any CPU = Release|Any CPU
	EndGlobalSection
	GlobalSection(ProjectConfigurationPlatforms) = postSolution
		{6A72DB5E-9BE1-45B2-A6C0-CD6FB2082612}.Debug|Any CPU.ActiveCfg = Debug|Any CPU
		{6A72DB5E-9BE1-45B2-A6C0-CD6FB2082612}.Debug|Any CPU.Build.0 = Debug|Any CPU
		{6A72DB5E-9BE1-45B2-A6C0-CD6FB2082612}.Release|Any CPU.ActiveCfg = Release|Any CPU
		{6A72DB5E-9BE1-45B2-A6C0-CD6FB2082612}.Release|Any CPU.Build.0 = Release|Any CPU
		{90AE91A7-4AB0-94AD-566F-6DE5EE0D45AC}.Debug|Any CPU.ActiveCfg = Debug|Any CPU
		{90AE91A7-4AB0-94AD-566F-6DE5EE0D45AC}.Debug|Any CPU.Build.0 = Debug|Any CPU
		{90AE91A7-4AB0-94AD-566F-6DE5EE0D45AC}.Release|Any CPU.ActiveCfg = Release|Any CPU
		{90AE91A7-4AB0-94AD-566F-6DE5EE0D45AC}.Release|Any CPU.Build.0 = Release|Any CPU
		{22F72E50-B86A-48A6-4252-6FDC98C636E8}.Debug|Any CPU.ActiveCfg = Debug|Any CPU
		{22F72E50-B86A-48A6-4252-6FDC98C636E8}.Debug|Any CPU.Build.0 = Debug|Any CPU
		{22F72E50-B86A-48A6-4252-6FDC98C636E8}.Release|Any CPU.ActiveCfg = Release|Any CPU
		{22F72E50-B86A-48A6-4252-6FDC98C636E8}.Release|Any CPU.Build.0 = Release|Any CPU
		{86292572-4056-4945-8CF6-0941D7FA81B7}.Debug|Any CPU.ActiveCfg = Debug|Any CPU
		{86292572-4056-4945-8CF6-0941D7FA81B7}.Debug|Any CPU.Build.0 = Debug|Any CPU
		{86292572-4056-4945-8CF6-0941D7FA81B7}.Release|Any CPU.ActiveCfg = Release|Any CPU
		{86292572-4056-4945-8CF6-0941D7FA81B7}.Release|Any CPU.Build.0 = Release|Any CPU
		{81B4A363-8BBA-4378-A17E-8F63B4223FCC}.Debug|Any CPU.ActiveCfg = Debug|Any CPU
		{81B4A363-8BBA-4378-A17E-8F63B4223FCC}.Debug|Any CPU.Build.0 = Debug|Any CPU
		{81B4A363-8BBA-4378-A17E-8F63B4223FCC}.Release|Any CPU.ActiveCfg = Release|Any CPU
		{81B4A363-8BBA-4378-A17E-8F63B4223FCC}.Release|Any CPU.Build.0 = Release|Any CPU
		{49683A63-65F2-4624-9366-76BBAC2A11CE}.Debug|Any CPU.ActiveCfg = Debug|Any CPU
		{49683A63-65F2-4624-9366-76BBAC2A11CE}.Debug|Any CPU.Build.0 = Debug|Any CPU
		{49683A63-65F2-4624-9366-76BBAC2A11CE}.Release|Any CPU.ActiveCfg = Release|Any CPU
		{49683A63-65F2-4624-9366-76BBAC2A11CE}.Release|Any CPU.Build.0 = Release|Any CPU
		{7F9849E7-8305-46BB-B606-B8366897742A}.Debug|Any CPU.ActiveCfg = Debug|Any CPU
		{7F9849E7-8305-46BB-B606-B8366897742A}.Debug|Any CPU.Build.0 = Debug|Any CPU
		{7F9849E7-8305-46BB-B606-B8366897742A}.Release|Any CPU.ActiveCfg = Release|Any CPU
		{7F9849E7-8305-46BB-B606-B8366897742A}.Release|Any CPU.Build.0 = Release|Any CPU
		{41C1DDE6-DCA2-4F40-844A-293478D8FC62}.Debug|Any CPU.ActiveCfg = Debug|Any CPU
		{41C1DDE6-DCA2-4F40-844A-293478D8FC62}.Debug|Any CPU.Build.0 = Debug|Any CPU
		{41C1DDE6-DCA2-4F40-844A-293478D8FC62}.Release|Any CPU.ActiveCfg = Release|Any CPU
		{41C1DDE6-DCA2-4F40-844A-293478D8FC62}.Release|Any CPU.Build.0 = Release|Any CPU
		{6DF960E5-493E-4D2B-A284-CAE9BD3F6DC2}.Debug|Any CPU.ActiveCfg = Debug|Any CPU
		{6DF960E5-493E-4D2B-A284-CAE9BD3F6DC2}.Debug|Any CPU.Build.0 = Debug|Any CPU
		{6DF960E5-493E-4D2B-A284-CAE9BD3F6DC2}.Release|Any CPU.ActiveCfg = Release|Any CPU
		{6DF960E5-493E-4D2B-A284-CAE9BD3F6DC2}.Release|Any CPU.Build.0 = Release|Any CPU
		{50CBA856-C89B-4076-BE87-ADCA101FEC1E}.Debug|Any CPU.ActiveCfg = Debug|Any CPU
		{50CBA856-C89B-4076-BE87-ADCA101FEC1E}.Debug|Any CPU.Build.0 = Debug|Any CPU
		{50CBA856-C89B-4076-BE87-ADCA101FEC1E}.Release|Any CPU.ActiveCfg = Release|Any CPU
		{50CBA856-C89B-4076-BE87-ADCA101FEC1E}.Release|Any CPU.Build.0 = Release|Any CPU
		{8D585031-7765-4C46-A6F4-2ECCA69F05CA}.Debug|Any CPU.ActiveCfg = Debug|Any CPU
		{8D585031-7765-4C46-A6F4-2ECCA69F05CA}.Debug|Any CPU.Build.0 = Debug|Any CPU
		{8D585031-7765-4C46-A6F4-2ECCA69F05CA}.Release|Any CPU.ActiveCfg = Release|Any CPU
		{8D585031-7765-4C46-A6F4-2ECCA69F05CA}.Release|Any CPU.Build.0 = Release|Any CPU
	EndGlobalSection
	GlobalSection(SolutionProperties) = preSolution
		HideSolutionNode = FALSE
	EndGlobalSection
	GlobalSection(NestedProjects) = preSolution
		{6A72DB5E-9BE1-45B2-A6C0-CD6FB2082612} = {02EA681E-C7D8-13C7-8484-4AC65E1B71E8}
		{90AE91A7-4AB0-94AD-566F-6DE5EE0D45AC} = {B8E21214-AA99-48E8-A37A-AE6CB361F2EB}
		{86292572-4056-4945-8CF6-0941D7FA81B7} = {0721B430-4D59-4D7E-A4F7-9398548B5F36}
		{81B4A363-8BBA-4378-A17E-8F63B4223FCC} = {1821F153-E649-4423-80D0-B4A735C5FAA1}
		{49683A63-65F2-4624-9366-76BBAC2A11CE} = {809C86F6-1EE6-4E0B-B8BE-19559326CC65}
		{7F9849E7-8305-46BB-B606-B8366897742A} = {1821F153-E649-4423-80D0-B4A735C5FAA1}
		{41C1DDE6-DCA2-4F40-844A-293478D8FC62} = {1821F153-E649-4423-80D0-B4A735C5FAA1}
		{50CBA856-C89B-4076-BE87-ADCA101FEC1E} = {B8E21214-AA99-48E8-A37A-AE6CB361F2EB}
		{8D585031-7765-4C46-A6F4-2ECCA69F05CA} = {02EA681E-C7D8-13C7-8484-4AC65E1B71E8}
	EndGlobalSection
	GlobalSection(ExtensibilityGlobals) = postSolution
		SolutionGuid = {A33FE63E-5BEE-45C7-9B2C-382AFBE5480C}
	EndGlobalSection
EndGlobal
