Microsoft Visual Studio Solution File, Format Version 12.00
# Visual Studio Version 18
VisualStudioVersion = 18.6.11828.311
MinimumVisualStudioVersion = 10.0.40219.1
Project("{2150E333-8FDC-42A3-9474-1A3956D46DE8}") = "Client", "Client", "{02EA681E-C7D8-13C7-8484-4AC65E1B71E8}"
EndProject
Project("{2150E333-8FDC-42A3-9474-1A3956D46DE8}") = "Core", "Core", "{1821F153-E649-4423-80D0-B4A735C5FAA1}"
EndProject
Project("{2150E333-8FDC-42A3-9474-1A3956D46DE8}") = "Infrastructure", "Infrastructure", "{B8E21214-AA99-48E8-A37A-AE6CB361F2EB}"
EndProject
Project("{FAE04EC0-301F-11D3-BF4B-00C04F79EFBC}") = "DbContexts", "DbContext\DbContexts.csproj", "{7F9849E7-8305-46BB-B606-B8366897742A}"
EndProject
Project("{FAE04EC0-301F-11D3-BF4B-00C04F79EFBC}") = "Manager", "Models\Manager.csproj", "{41C1DDE6-DCA2-4F40-844A-293478D8FC62}"
EndProject
Project("{FAE04EC0-301F-11D3-BF4B-00C04F79EFBC}") = "Logging", "Logging\Logging.csproj", "{50CBA856-C89B-4076-BE87-ADCA101FEC1E}"
EndProject
Project("{FAE04EC0-301F-11D3-BF4B-00C04F79EFBC}") = "CmsMvc", "CmsMvc\CmsMvc.csproj", "{8D585031-7765-4C46-A6F4-2ECCA69F05CA}"
EndProject
Project("{FAE04EC0-301F-11D3-BF4B-00C04F79EFBC}") = "Localization", "Localization\Localization.csproj", "{18C03C6D-E44B-42A4-B10F-CB63C23CE44A}"
EndProject
Project("{FAE04EC0-301F-11D3-BF4B-00C04F79EFBC}") = "Services", "Services\Services.csproj", "{2CB17B14-5E2A-45FB-8128-FEEE00E6B314}"
EndProject
Project("{FAE04EC0-301F-11D3-BF4B-00C04F79EFBC}") = "Repository", "Repository\Repository.csproj", "{56C36485-9341-4882-9A42-4F7E6A635643}"
EndProject
Global
	GlobalSection(SolutionConfigurationPlatforms) = preSolution
		Debug|Any CPU = Debug|Any CPU
		Release|Any CPU = Release|Any CPU
	EndGlobalSection
	GlobalSection(ProjectConfigurationPlatforms) = postSolution
		{7F9849E7-8305-46BB-B606-B8366897742A}.Debug|Any CPU.ActiveCfg = Debug|Any CPU
		{7F9849E7-8305-46BB-B606-B8366897742A}.Debug|Any CPU.Build.0 = Debug|Any CPU
		{7F9849E7-8305-46BB-B606-B8366897742A}.Release|Any CPU.ActiveCfg = Release|Any CPU
		{7F9849E7-8305-46BB-B606-B8366897742A}.Release|Any CPU.Build.0 = Release|Any CPU
		{41C1DDE6-DCA2-4F40-844A-293478D8FC62}.Debug|Any CPU.ActiveCfg = Debug|Any CPU
		{41C1DDE6-DCA2-4F40-844A-293478D8FC62}.Debug|Any CPU.Build.0 = Debug|Any CPU
		{41C1DDE6-DCA2-4F40-844A-293478D8FC62}.Release|Any CPU.ActiveCfg = Release|Any CPU
		{41C1DDE6-DCA2-4F40-844A-293478D8FC62}.Release|Any CPU.Build.0 = Release|Any CPU
		{50CBA856-C89B-4076-BE87-ADCA101FEC1E}.Debug|Any CPU.ActiveCfg = Debug|Any CPU
		{50CBA856-C89B-4076-BE87-ADCA101FEC1E}.Debug|Any CPU.Build.0 = Debug|Any CPU
		{50CBA856-C89B-4076-BE87-ADCA101FEC1E}.Release|Any CPU.ActiveCfg = Release|Any CPU
		{50CBA856-C89B-4076-BE87-ADCA101FEC1E}.Release|Any CPU.Build.0 = Release|Any CPU
		{8D585031-7765-4C46-A6F4-2ECCA69F05CA}.Debug|Any CPU.ActiveCfg = Debug|Any CPU
		{8D585031-7765-4C46-A6F4-2ECCA69F05CA}.Debug|Any CPU.Build.0 = Debug|Any CPU
		{8D585031-7765-4C46-A6F4-2ECCA69F05CA}.Release|Any CPU.ActiveCfg = Release|Any CPU
		{8D585031-7765-4C46-A6F4-2ECCA69F05CA}.Release|Any CPU.Build.0 = Release|Any CPU
		{18C03C6D-E44B-42A4-B10F-CB63C23CE44A}.Debug|Any CPU.ActiveCfg = Debug|Any CPU
		{18C03C6D-E44B-42A4-B10F-CB63C23CE44A}.Debug|Any CPU.Build.0 = Debug|Any CPU
		{18C03C6D-E44B-42A4-B10F-CB63C23CE44A}.Release|Any CPU.ActiveCfg = Release|Any CPU
		{18C03C6D-E44B-42A4-B10F-CB63C23CE44A}.Release|Any CPU.Build.0 = Release|Any CPU
		{2CB17B14-5E2A-45FB-8128-FEEE00E6B314}.Debug|Any CPU.ActiveCfg = Debug|Any CPU
		{2CB17B14-5E2A-45FB-8128-FEEE00E6B314}.Debug|Any CPU.Build.0 = Debug|Any CPU
		{2CB17B14-5E2A-45FB-8128-FEEE00E6B314}.Release|Any CPU.ActiveCfg = Release|Any CPU
		{2CB17B14-5E2A-45FB-8128-FEEE00E6B314}.Release|Any CPU.Build.0 = Release|Any CPU
		{56C36485-9341-4882-9A42-4F7E6A635643}.Debug|Any CPU.ActiveCfg = Debug|Any CPU
		{56C36485-9341-4882-9A42-4F7E6A635643}.Debug|Any CPU.Build.0 = Debug|Any CPU
		{56C36485-9341-4882-9A42-4F7E6A635643}.Release|Any CPU.ActiveCfg = Release|Any CPU
		{56C36485-9341-4882-9A42-4F7E6A635643}.Release|Any CPU.Build.0 = Release|Any CPU
	EndGlobalSection
	GlobalSection(SolutionProperties) = preSolution
		HideSolutionNode = FALSE
	EndGlobalSection
	GlobalSection(NestedProjects) = preSolution
		{7F9849E7-8305-46BB-B606-B8366897742A} = {1821F153-E649-4423-80D0-B4A735C5FAA1}
		{41C1DDE6-DCA2-4F40-844A-293478D8FC62} = {1821F153-E649-4423-80D0-B4A735C5FAA1}
		{50CBA856-C89B-4076-BE87-ADCA101FEC1E} = {B8E21214-AA99-48E8-A37A-AE6CB361F2EB}
		{8D585031-7765-4C46-A6F4-2ECCA69F05CA} = {02EA681E-C7D8-13C7-8484-4AC65E1B71E8}
		{18C03C6D-E44B-42A4-B10F-CB63C23CE44A} = {B8E21214-AA99-48E8-A37A-AE6CB361F2EB}
		{2CB17B14-5E2A-45FB-8128-FEEE00E6B314} = {1821F153-E649-4423-80D0-B4A735C5FAA1}
		{56C36485-9341-4882-9A42-4F7E6A635643} = {B8E21214-AA99-48E8-A37A-AE6CB361F2EB}
	EndGlobalSection
	GlobalSection(ExtensibilityGlobals) = postSolution
		SolutionGuid = {A33FE63E-5BEE-45C7-9B2C-382AFBE5480C}
	EndGlobalSection
EndGlobal
